// !$*UTF8*$!
{
	archiveVersion = 1;
	classes = {
	};
	objectVersion = 46;
	objects = {

/* Begin PBXBuildFile section */
		11EC7FF71A439C3F00697B02 /* AppDelegate.swift in Sources */ = {isa = PBXBuildFile; fileRef = 11EC7FF61A439C3F00697B02 /* AppDelegate.swift */; };
		11EC7FF91A439C3F00697B02 /* ViewController.swift in Sources */ = {isa = PBXBuildFile; fileRef = 11EC7FF81A439C3F00697B02 /* ViewController.swift */; };
		11EC7FFC1A439C4000697B02 /* Main.storyboard in Resources */ = {isa = PBXBuildFile; fileRef = 11EC7FFA1A439C4000697B02 /* Main.storyboard */; };
		11EC7FFE1A439C4000697B02 /* Images.xcassets in Resources */ = {isa = PBXBuildFile; fileRef = 11EC7FFD1A439C4000697B02 /* Images.xcassets */; };
		11EC80011A439C4000697B02 /* LaunchScreen.xib in Resources */ = {isa = PBXBuildFile; fileRef = 11EC7FFF1A439C4000697B02 /* LaunchScreen.xib */; };
		11EC800D1A439C4000697B02 /* Photo_Search_Example_AsyncTests.swift in Sources */ = {isa = PBXBuildFile; fileRef = 11EC800C1A439C4000697B02 /* Photo_Search_Example_AsyncTests.swift */; };
/* End PBXBuildFile section */

/* Begin PBXContainerItemProxy section */
		11EC80071A439C4000697B02 /* PBXContainerItemProxy */ = {
			isa = PBXContainerItemProxy;
			containerPortal = 11EC7FE91A439C3F00697B02 /* Project object */;
			proxyType = 1;
			remoteGlobalIDString = 11EC7FF01A439C3F00697B02;
			remoteInfo = "Photo Search Example Async";
		};
/* End PBXContainerItemProxy section */

/* Begin PBXFileReference section */
		11EC7FF11A439C3F00697B02 /* Photo Search Example Async.app */ = {isa = PBXFileReference; explicitFileType = wrapper.application; includeInIndex = 0; path = "Photo Search Example Async.app"; sourceTree = BUILT_PRODUCTS_DIR; };
		11EC7FF51A439C3F00697B02 /* Info.plist */ = {isa = PBXFileReference; lastKnownFileType = text.plist.xml; path = Info.plist; sourceTree = "<group>"; };
		11EC7FF61A439C3F00697B02 /* AppDelegate.swift */ = {isa = PBXFileReference; lastKnownFileType = sourcecode.swift; path = AppDelegate.swift; sourceTree = "<group>"; };
		11EC7FF81A439C3F00697B02 /* ViewController.swift */ = {isa = PBXFileReference; lastKnownFileType = sourcecode.swift; path = ViewController.swift; sourceTree = "<group>"; };
		11EC7FFB1A439C4000697B02 /* Base */ = {isa = PBXFileReference; lastKnownFileType = file.storyboard; name = Base; path = Base.lproj/Main.storyboard; sourceTree = "<group>"; };
		11EC7FFD1A439C4000697B02 /* Images.xcassets */ = {isa = PBXFileReference; lastKnownFileType = folder.assetcatalog; path = Images.xcassets; sourceTree = "<group>"; };
		11EC80001A439C4000697B02 /* Base */ = {isa = PBXFileReference; lastKnownFileType = file.xib; name = Base; path = Base.lproj/LaunchScreen.xib; sourceTree = "<group>"; };
		11EC80061A439C4000697B02 /* Photo Search Example AsyncTests.xctest */ = {isa = PBXFileReference; explicitFileType = wrapper.cfbundle; includeInIndex = 0; path = "Photo Search Example AsyncTests.xctest"; sourceTree = BUILT_PRODUCTS_DIR; };
		11EC800B1A439C4000697B02 /* Info.plist */ = {isa = PBXFileReference; lastKnownFileType = text.plist.xml; path = Info.plist; sourceTree = "<group>"; };
		11EC800C1A439C4000697B02 /* Photo_Search_Example_AsyncTests.swift */ = {isa = PBXFileReference; lastKnownFileType = sourcecode.swift; path = Photo_Search_Example_AsyncTests.swift; sourceTree = "<group>"; };
/* End PBXFileReference section */

/* Begin PBXFrameworksBuildPhase section */
		11EC7FEE1A439C3F00697B02 /* Frameworks */ = {
			isa = PBXFrameworksBuildPhase;
			buildActionMask = 2147483647;
			files = (
			);
			runOnlyForDeploymentPostprocessing = 0;
		};
		11EC80031A439C4000697B02 /* Frameworks */ = {
			isa = PBXFrameworksBuildPhase;
			buildActionMask = 2147483647;
			files = (
			);
			runOnlyForDeploymentPostprocessing = 0;
		};
/* End PBXFrameworksBuildPhase section */

/* Begin PBXGroup section */
		11EC7FE81A439C3F00697B02 = {
			isa = PBXGroup;
			children = (
				11EC7FF31A439C3F00697B02 /* Photo Search Example Async */,
				11EC80091A439C4000697B02 /* Photo Search Example AsyncTests */,
				11EC7FF21A439C3F00697B02 /* Products */,
			);
			sourceTree = "<group>";
		};
		11EC7FF21A439C3F00697B02 /* Products */ = {
			isa = PBXGroup;
			children = (
				11EC7FF11A439C3F00697B02 /* Photo Search Example Async.app */,
				11EC80061A439C4000697B02 /* Photo Search Example AsyncTests.xctest */,
			);
			name = Products;
			sourceTree = "<group>";
		};
		11EC7FF31A439C3F00697B02 /* Photo Search Example Async */ = {
			isa = PBXGroup;
			children = (
				11EC7FF61A439C3F00697B02 /* AppDelegate.swift */,
				11EC7FF81A439C3F00697B02 /* ViewController.swift */,
				11EC7FFA1A439C4000697B02 /* Main.storyboard */,
				11EC7FFD1A439C4000697B02 /* Images.xcassets */,
				11EC7FFF1A439C4000697B02 /* LaunchScreen.xib */,
				11EC7FF41A439C3F00697B02 /* Supporting Files */,
			);
			path = "Photo Search Example Async";
			sourceTree = "<group>";
		};
		11EC7FF41A439C3F00697B02 /* Supporting Files */ = {
			isa = PBXGroup;
			children = (
				11EC7FF51A439C3F00697B02 /* Info.plist */,
			);
			name = "Supporting Files";
			sourceTree = "<group>";
		};
		11EC80091A439C4000697B02 /* Photo Search Example AsyncTests */ = {
			isa = PBXGroup;
			children = (
				11EC800C1A439C4000697B02 /* Photo_Search_Example_AsyncTests.swift */,
				11EC800A1A439C4000697B02 /* Supporting Files */,
			);
			path = "Photo Search Example AsyncTests";
			sourceTree = "<group>";
		};
		11EC800A1A439C4000697B02 /* Supporting Files */ = {
			isa = PBXGroup;
			children = (
				11EC800B1A439C4000697B02 /* Info.plist */,
			);
			name = "Supporting Files";
			sourceTree = "<group>";
		};
/* End PBXGroup section */

/* Begin PBXNativeTarget section */
		11EC7FF01A439C3F00697B02 /* Photo Search Example Async */ = {
			isa = PBXNativeTarget;
			buildConfigurationList = 11EC80101A439C4000697B02 /* Build configuration list for PBXNativeTarget "Photo Search Example Async" */;
			buildPhases = (
				11EC7FED1A439C3F00697B02 /* Sources */,
				11EC7FEE1A439C3F00697B02 /* Frameworks */,
				11EC7FEF1A439C3F00697B02 /* Resources */,
			);
			buildRules = (
			);
			dependencies = (
			);
			name = "Photo Search Example Async";
			productName = "Photo Search Example Async";
			productReference = 11EC7FF11A439C3F00697B02 /* Photo Search Example Async.app */;
			productType = "com.apple.product-type.application";
		};
		11EC80051A439C4000697B02 /* Photo Search Example AsyncTests */ = {
			isa = PBXNativeTarget;
			buildConfigurationList = 11EC80131A439C4000697B02 /* Build configuration list for PBXNativeTarget "Photo Search Example AsyncTests" */;
			buildPhases = (
				11EC80021A439C4000697B02 /* Sources */,
				11EC80031A439C4000697B02 /* Frameworks */,
				11EC80041A439C4000697B02 /* Resources */,
			);
			buildRules = (
			);
			dependencies = (
				11EC80081A439C4000697B02 /* PBXTargetDependency */,
			);
			name = "Photo Search Example AsyncTests";
			productName = "Photo Search Example AsyncTests";
			productReference = 11EC80061A439C4000697B02 /* Photo Search Example AsyncTests.xctest */;
			productType = "com.apple.product-type.bundle.unit-test";
		};
/* End PBXNativeTarget section */

/* Begin PBXProject section */
		11EC7FE91A439C3F00697B02 /* Project object */ = {
			isa = PBXProject;
			attributes = {
				LastUpgradeCheck = 0610;
				ORGANIZATIONNAME = "Urban Airship";
				TargetAttributes = {
					11EC7FF01A439C3F00697B02 = {
						CreatedOnToolsVersion = 6.1.1;
					};
					11EC80051A439C4000697B02 = {
						CreatedOnToolsVersion = 6.1.1;
						TestTargetID = 11EC7FF01A439C3F00697B02;
					};
				};
			};
			buildConfigurationList = 11EC7FEC1A439C3F00697B02 /* Build configuration list for PBXProject "Photo Search Example Async" */;
			compatibilityVersion = "Xcode 3.2";
			developmentRegion = English;
			hasScannedForEncodings = 0;
			knownRegions = (
				en,
				Base,
			);
			mainGroup = 11EC7FE81A439C3F00697B02;
			productRefGroup = 11EC7FF21A439C3F00697B02 /* Products */;
			projectDirPath = "";
			projectRoot = "";
			targets = (
				11EC7FF01A439C3F00697B02 /* Photo Search Example Async */,
				11EC80051A439C4000697B02 /* Photo Search Example AsyncTests */,
			);
		};
/* End PBXProject section */

/* Begin PBXResourcesBuildPhase section */
		11EC7FEF1A439C3F00697B02 /* Resources */ = {
			isa = PBXResourcesBuildPhase;
			buildActionMask = 2147483647;
			files = (
				11EC7FFC1A439C4000697B02 /* Main.storyboard in Resources */,
				11EC80011A439C4000697B02 /* LaunchScreen.xib in Resources */,
				11EC7FFE1A439C4000697B02 /* Images.xcassets in Resources */,
			);
			runOnlyForDeploymentPostprocessing = 0;
		};
		11EC80041A439C4000697B02 /* Resources */ = {
			isa = PBXResourcesBuildPhase;
			buildActionMask = 2147483647;
			files = (
			);
			runOnlyForDeploymentPostprocessing = 0;
		};
/* End PBXResourcesBuildPhase section */

/* Begin PBXSourcesBuildPhase section */
		11EC7FED1A439C3F00697B02 /* Sources */ = {
			isa = PBXSourcesBuildPhase;
			buildActionMask = 2147483647;
			files = (
				11EC7FF91A439C3F00697B02 /* ViewController.swift in Sources */,
				11EC7FF71A439C3F00697B02 /* AppDelegate.swift in Sources */,
			);
			runOnlyForDeploymentPostprocessing = 0;
		};
		11EC80021A439C4000697B02 /* Sources */ = {
			isa = PBXSourcesBuildPhase;
			buildActionMask = 2147483647;
			files = (
				11EC800D1A439C4000697B02 /* Photo_Search_Example_AsyncTests.swift in Sources */,
			);
			runOnlyForDeploymentPostprocessing = 0;
		};
/* End PBXSourcesBuildPhase section */

/* Begin PBXTargetDependency section */
		11EC80081A439C4000697B02 /* PBXTargetDependency */ = {
			isa = PBXTargetDependency;
			target = 11EC7FF01A439C3F00697B02 /* Photo Search Example Async */;
			targetProxy = 11EC80071A439C4000697B02 /* PBXContainerItemProxy */;
		};
/* End PBXTargetDependency section */

/* Begin PBXVariantGroup section */
		11EC7FFA1A439C4000697B02 /* Main.storyboard */ = {
			isa = PBXVariantGroup;
			children = (
				11EC7FFB1A439C4000697B02 /* Base */,
			);
			name = Main.storyboard;
			sourceTree = "<group>";
		};
		11EC7FFF1A439C4000697B02 /* LaunchScreen.xib */ = {
			isa = PBXVariantGroup;
			children = (
				11EC80001A439C4000697B02 /* Base */,
			);
			name = LaunchScreen.xib;
			sourceTree = "<group>";
		};
/* End PBXVariantGroup section */

/* Begin XCBuildConfiguration section */
		11EC800E1A439C4000697B02 /* Debug */ = {
			isa = XCBuildConfiguration;
			buildSettings = {
				ALWAYS_SEARCH_USER_PATHS = NO;
				CLANG_CXX_LANGUAGE_STANDARD = "gnu++0x";
				CLANG_CXX_LIBRARY = "libc++";
				CLANG_ENABLE_MODULES = YES;
				CLANG_ENABLE_OBJC_ARC = YES;
				CLANG_WARN_BOOL_CONVERSION = YES;
				CLANG_WARN_CONSTANT_CONVERSION = YES;
				CLANG_WARN_DIRECT_OBJC_ISA_USAGE = YES_ERROR;
				CLANG_WARN_EMPTY_BODY = YES;
				CLANG_WARN_ENUM_CONVERSION = YES;
				CLANG_WARN_INT_CONVERSION = YES;
				CLANG_WARN_OBJC_ROOT_CLASS = YES_ERROR;
				CLANG_WARN_UNREACHABLE_CODE = YES;
				CLANG_WARN__DUPLICATE_METHOD_MATCH = YES;
				"CODE_SIGN_IDENTITY[sdk=iphoneos*]" = "iPhone Developer";
				COPY_PHASE_STRIP = NO;
				ENABLE_STRICT_OBJC_MSGSEND = YES;
				GCC_C_LANGUAGE_STANDARD = gnu99;
				GCC_DYNAMIC_NO_PIC = NO;
				GCC_OPTIMIZATION_LEVEL = 0;
				GCC_PREPROCESSOR_DEFINITIONS = (
					"DEBUG=1",
					"$(inherited)",
				);
				GCC_SYMBOLS_PRIVATE_EXTERN = NO;
				GCC_WARN_64_TO_32_BIT_CONVERSION = YES;
				GCC_WARN_ABOUT_RETURN_TYPE = YES_ERROR;
				GCC_WARN_UNDECLARED_SELECTOR = YES;
				GCC_WARN_UNINITIALIZED_AUTOS = YES_AGGRESSIVE;
				GCC_WARN_UNUSED_FUNCTION = YES;
				GCC_WARN_UNUSED_VARIABLE = YES;
				IPHONEOS_DEPLOYMENT_TARGET = 8.1;
				MTL_ENABLE_DEBUG_INFO = YES;
				ONLY_ACTIVE_ARCH = YES;
				SDKROOT = iphoneos;
				SWIFT_OPTIMIZATION_LEVEL = "-Onone";
			};
			name = Debug;
		};
		11EC800F1A439C4000697B02 /* Release */ = {
			isa = XCBuildConfiguration;
			buildSettings = {
				ALWAYS_SEARCH_USER_PATHS = NO;
				CLANG_CXX_LANGUAGE_STANDARD = "gnu++0x";
				CLANG_CXX_LIBRARY = "libc++";
				CLANG_ENABLE_MODULES = YES;
				CLANG_ENABLE_OBJC_ARC = YES;
				CLANG_WARN_BOOL_CONVERSION = YES;
				CLANG_WARN_CONSTANT_CONVERSION = YES;
				CLANG_WARN_DIRECT_OBJC_ISA_USAGE = YES_ERROR;
				CLANG_WARN_EMPTY_BODY = YES;
				CLANG_WARN_ENUM_CONVERSION = YES;
				CLANG_WARN_INT_CONVERSION = YES;
				CLANG_WARN_OBJC_ROOT_CLASS = YES_ERROR;
				CLANG_WARN_UNREACHABLE_CODE = YES;
				CLANG_WARN__DUPLICATE_METHOD_MATCH = YES;
				"CODE_SIGN_IDENTITY[sdk=iphoneos*]" = "iPhone Developer";
				COPY_PHASE_STRIP = YES;
				ENABLE_NS_ASSERTIONS = NO;
				ENABLE_STRICT_OBJC_MSGSEND = YES;
				GCC_C_LANGUAGE_STANDARD = gnu99;
				GCC_WARN_64_TO_32_BIT_CONVERSION = YES;
				GCC_WARN_ABOUT_RETURN_TYPE = YES_ERROR;
				GCC_WARN_UNDECLARED_SELECTOR = YES;
				GCC_WARN_UNINITIALIZED_AUTOS = YES_AGGRESSIVE;
				GCC_WARN_UNUSED_FUNCTION = YES;
				GCC_WARN_UNUSED_VARIABLE = YES;
				IPHONEOS_DEPLOYMENT_TARGET = 8.1;
				MTL_ENABLE_DEBUG_INFO = NO;
				SDKROOT = iphoneos;
				VALIDATE_PRODUCT = YES;
			};
			name = Release;
		};
		11EC80111A439C4000697B02 /* Debug */ = {
			isa = XCBuildConfiguration;
			buildSettings = {
				ASSETCATALOG_COMPILER_APPICON_NAME = AppIcon;
				INFOPLIST_FILE = "Photo Search Example Async/Info.plist";
				LD_RUNPATH_SEARCH_PATHS = "$(inherited) @executable_path/Frameworks";
				PRODUCT_NAME = "$(TARGET_NAME)";
			};
			name = Debug;
		};
		11EC80121A439C4000697B02 /* Release */ = {
			isa = XCBuildConfiguration;
			buildSettings = {
				ASSETCATALOG_COMPILER_APPICON_NAME = AppIcon;
				INFOPLIST_FILE = "Photo Search Example Async/Info.plist";
				LD_RUNPATH_SEARCH_PATHS = "$(inherited) @executable_path/Frameworks";
				PRODUCT_NAME = "$(TARGET_NAME)";
			};
			name = Release;
		};
		11EC80141A439C4000697B02 /* Debug */ = {
			isa = XCBuildConfiguration;
			buildSettings = {
				BUNDLE_LOADER = "$(TEST_HOST)";
				FRAMEWORK_SEARCH_PATHS = (
					"$(SDKROOT)/Developer/Library/Frameworks",
					"$(inherited)",
				);
				GCC_PREPROCESSOR_DEFINITIONS = (
					"DEBUG=1",
					"$(inherited)",
				);
				INFOPLIST_FILE = "Photo Search Example AsyncTests/Info.plist";
				LD_RUNPATH_SEARCH_PATHS = "$(inherited) @executable_path/Frameworks @loader_path/Frameworks";
				PRODUCT_NAME = "$(TARGET_NAME)";
				TEST_HOST = "$(BUILT_PRODUCTS_DIR)/Photo Search Example Async.app/Photo Search Example Async";
			};
			name = Debug;
		};
		11EC80151A439C4000697B02 /* Release */ = {
			isa = XCBuildConfiguration;
			buildSettings = {
				BUNDLE_LOADER = "$(TEST_HOST)";
				FRAMEWORK_SEARCH_PATHS = (
					"$(SDKROOT)/Developer/Library/Frameworks",
					"$(inherited)",
				);
				INFOPLIST_FILE = "Photo Search Example AsyncTests/Info.plist";
				LD_RUNPATH_SEARCH_PATHS = "$(inherited) @executable_path/Frameworks @loader_path/Frameworks";
				PRODUCT_NAME = "$(TARGET_NAME)";
				TEST_HOST = "$(BUILT_PRODUCTS_DIR)/Photo Search Example Async.app/Photo Search Example Async";
			};
			name = Release;
		};
/* End XCBuildConfiguration section */

/* Begin XCConfigurationList section */
		11EC7FEC1A439C3F00697B02 /* Build configuration list for PBXProject "Photo Search Example Async" */ = {
			isa = XCConfigurationList;
			buildConfigurations = (
				11EC800E1A439C4000697B02 /* Debug */,
				11EC800F1A439C4000697B02 /* Release */,
			);
			defaultConfigurationIsVisible = 0;
			defaultConfigurationName = Release;
		};
		11EC80101A439C4000697B02 /* Build configuration list for PBXNativeTarget "Photo Search Example Async" */ = {
			isa = XCConfigurationList;
			buildConfigurations = (
				11EC80111A439C4000697B02 /* Debug */,
				11EC80121A439C4000697B02 /* Release */,
			);
			defaultConfigurationIsVisible = 0;
		};
		11EC80131A439C4000697B02 /* Build configuration list for PBXNativeTarget "Photo Search Example AsyncTests" */ = {
			isa = XCConfigurationList;
			buildConfigurations = (
				11EC80141A439C4000697B02 /* Debug */,
				11EC80151A439C4000697B02 /* Release */,
			);
			defaultConfigurationIsVisible = 0;
		};
/* End XCConfigurationList section */
	};
	rootObject = 11EC7FE91A439C3F00697B02 /* Project object */;
}
